
Microsoft Visual Studio Solution File, Format Version 12.00
# Visual Studio Version 16
VisualStudioVersion = 25.0.1700.1
MinimumVisualStudioVersion = 10.0.40219.1
Project("{FAE04EC0-301F-11D3-BF4B-00C04F79EFBC}") = "SyntaxandSugar", "SyntaxandSugar\SyntaxandSugar.csproj", "{77393726-6007-4D47-A402-A52BD44FAE9B}"
EndProject
Global
	GlobalSection(SolutionConfigurationPlatforms) = preSolution
		Debug|Any CPU = Debug|Any CPU
		Release|Any CPU = Release|Any CPU
	EndGlobalSection
	GlobalSection(ProjectConfigurationPlatforms) = postSolution
		{77393726-6007-4D47-A402-A52BD44FAE9B}.Debug|Any CPU.ActiveCfg = Debug|Any CPU
		{77393726-6007-4D47-A402-A52BD44FAE9B}.Debug|Any CPU.Build.0 = Debug|Any CPU
		{77393726-6007-4D47-A402-A52BD44FAE9B}.Release|Any CPU.ActiveCfg = Release|Any CPU
		{77393726-6007-4D47-A402-A52BD44FAE9B}.Release|Any CPU.Build.0 = Release|Any CPU
	EndGlobalSection
	GlobalSection(SolutionProperties) = preSolution
		HideSolutionNode = FALSE
	EndGlobalSection
	GlobalSection(ExtensibilityGlobals) = postSolution
		SolutionGuid = {0312F7C6-2A2D-4D9F-A96E-5C417930C37E}
	EndGlobalSection
EndGlobal
